github.com/bsyrlhabibi/go-belajar-module v1.0.0 h1:IwCBLpQ3te5zVx3nOzjUggbp/x4zsiLI13KFfrurir4=
github.com/bsyrlhabibi/go-belajar-module v1.0.0/go.mod h1:phYc6ceLe1PTnbt+FVpXtEmhwZQThWBsd/9XMIRTLYg=
github.com/bsyrlhabibi/go-belajar-module v1.5.0 h1:snNWyer9IX1Vwj2lLsu4sUsVUlNMOEdMnouBVi1TFy8=
github.com/bsyrlhabibi/go-belajar-module v1.5.0/go.mod h1:phYc6ceLe1PTnbt+FVpXtEmhwZQThWBsd/9XMIRTLYg=
github.com/bsyrlhabibi/go-belajar-module/v2 v2.0.0 h1:NeJoZx7V/G1eVeORlhOfqMvwhd4qclANQtfv/C6g6T4=
github.com/bsyrlhabibi/go-belajar-module/v2 v2.0.0/go.mod h1:+VqbHs7PtDRo/cGctVZg6Yq8Y3Mxlx9RKJs5w2b1Kek=
